
Microsoft Visual Studio Solution File, Format Version 12.00
# Visual Studio Version 17
VisualStudioVersion = 17.14.36518.9 d17.14
MinimumVisualStudioVersion = 10.0.40219.1
Project("{888888A0-9F3D-457C-B088-3A5042F75D52}") = "lab3server", "lab3server\lab3server.pyproj", "{AAEF7A31-DA39-447B-AE3D-C469C3A8F7DA}"
EndProject
Global
	GlobalSection(SolutionConfigurationPlatforms) = preSolution
		Debug|Any CPU = Debug|Any CPU
		Release|Any CPU = Release|Any CPU
	EndGlobalSection
	GlobalSection(ProjectConfigurationPlatforms) = postSolution
		{AAEF7A31-DA39-447B-AE3D-C469C3A8F7DA}.Debug|Any CPU.ActiveCfg = Debug|Any CPU
		{AAEF7A31-DA39-447B-AE3D-C469C3A8F7DA}.Debug|Any CPU.Build.0 = Debug|Any CPU
		{AAEF7A31-DA39-447B-AE3D-C469C3A8F7DA}.Release|Any CPU.ActiveCfg = Release|Any CPU
		{AAEF7A31-DA39-447B-AE3D-C469C3A8F7DA}.Release|Any CPU.Build.0 = Release|Any CPU
	EndGlobalSection
	GlobalSection(SolutionProperties) = preSolution
		HideSolutionNode = FALSE
	EndGlobalSection
	GlobalSection(ExtensibilityGlobals) = postSolution
		SolutionGuid = {D63CAF8C-7D47-4177-A1C8-9F465290BC0A}
	EndGlobalSection
EndGlobal
